
Microsoft Visual Studio Solution File, Format Version 12.00
# Visual Studio Version 16
VisualStudioVersion = 16.0.28917.182
MinimumVisualStudioVersion = 10.0.40219.1
Project("{FAE04EC0-301F-11D3-BF4B-00C04F79EFBC}") = "Wrm.Console", "Wrm.Console\Wrm.Console.csproj", "{ABB102D6-45E6-459C-BE2D-9B8EC2F8695A}"
EndProject
Project("{2150E333-8FDC-42A3-9474-1A3956D46DE8}") = "Solution Items", "Solution Items", "{B911B774-5DA8-48C2-9A2B-836A4BA6B617}"
	ProjectSection(SolutionItems) = preProject
		.editorconfig = .editorconfig
		.gitignore = .gitignore
		LICENSE.md = LICENSE.md
		README.md = README.md
	EndProjectSection
EndProject
Global
	GlobalSection(SolutionConfigurationPlatforms) = preSolution
		Debug|Any CPU = Debug|Any CPU
		Release|Any CPU = Release|Any CPU
	EndGlobalSection
	GlobalSection(ProjectConfigurationPlatforms) = postSolution
		{ABB102D6-45E6-459C-BE2D-9B8EC2F8695A}.Debug|Any CPU.ActiveCfg = Debug|Any CPU
		{ABB102D6-45E6-459C-BE2D-9B8EC2F8695A}.Debug|Any CPU.Build.0 = Debug|Any CPU
		{ABB102D6-45E6-459C-BE2D-9B8EC2F8695A}.Release|Any CPU.ActiveCfg = Release|Any CPU
		{ABB102D6-45E6-459C-BE2D-9B8EC2F8695A}.Release|Any CPU.Build.0 = Release|Any CPU
	EndGlobalSection
	GlobalSection(SolutionProperties) = preSolution
		HideSolutionNode = FALSE
	EndGlobalSection
	GlobalSection(ExtensibilityGlobals) = postSolution
		SolutionGuid = {7925E2F1-2960-4BB5-A905-F2E2BE5DE9B2}
	EndGlobalSection
EndGlobal
